
Microsoft Visual Studio Solution File, Format Version 12.00
# Visual Studio 15
VisualStudioVersion = 15.0.27428.2043
MinimumVisualStudioVersion = 10.0.40219.1
Project("{8BC9CEB8-8B4A-11D0-8D11-00A0C91BC942}") = "Lab 13 Assignment", "Lab 13 Assignment\Lab 13 Assignment.vcxproj", "{85B55FB6-D5F9-4B9D-9A5D-465D81C2CFA6}"
EndProject
Global
	GlobalSection(SolutionConfigurationPlatforms) = preSolution
		Debug|x64 = Debug|x64
		Debug|x86 = Debug|x86
		Release|x64 = Release|x64
		Release|x86 = Release|x86
	EndGlobalSection
	GlobalSection(ProjectConfigurationPlatforms) = postSolution
		{85B55FB6-D5F9-4B9D-9A5D-465D81C2CFA6}.Debug|x64.ActiveCfg = Debug|x64
		{85B55FB6-D5F9-4B9D-9A5D-465D81C2CFA6}.Debug|x64.Build.0 = Debug|x64
		{85B55FB6-D5F9-4B9D-9A5D-465D81C2CFA6}.Debug|x86.ActiveCfg = Debug|Win32
		{85B55FB6-D5F9-4B9D-9A5D-465D81C2CFA6}.Debug|x86.Build.0 = Debug|Win32
		{85B55FB6-D5F9-4B9D-9A5D-465D81C2CFA6}.Release|x64.ActiveCfg = Release|x64
		{85B55FB6-D5F9-4B9D-9A5D-465D81C2CFA6}.Release|x64.Build.0 = Release|x64
		{85B55FB6-D5F9-4B9D-9A5D-465D81C2CFA6}.Release|x86.ActiveCfg = Release|Win32
		{85B55FB6-D5F9-4B9D-9A5D-465D81C2CFA6}.Release|x86.Build.0 = Release|Win32
	EndGlobalSection
	GlobalSection(SolutionProperties) = preSolution
		HideSolutionNode = FALSE
	EndGlobalSection
	GlobalSection(ExtensibilityGlobals) = postSolution
		SolutionGuid = {4B2E5C4A-179E-45D6-9FDA-19726F1A78DE}
	EndGlobalSection
EndGlobal
